
Microsoft Visual Studio Solution File, Format Version 12.00
# Visual Studio Version 17
VisualStudioVersion = 17.2.32630.192
MinimumVisualStudioVersion = 10.0.40219.1
Project("{FAE04EC0-301F-11D3-BF4B-00C04F79EFBC}") = "StateMachine", "StateMachine\StateMachine.csproj", "{F67CA4C1-E33D-42C0-A728-4BF0745FE504}"
EndProject
Global
	GlobalSection(SolutionConfigurationPlatforms) = preSolution
		Debug|Any CPU = Debug|Any CPU
		Release|Any CPU = Release|Any CPU
	EndGlobalSection
	GlobalSection(ProjectConfigurationPlatforms) = postSolution
		{F67CA4C1-E33D-42C0-A728-4BF0745FE504}.Debug|Any CPU.ActiveCfg = Debug|Any CPU
		{F67CA4C1-E33D-42C0-A728-4BF0745FE504}.Debug|Any CPU.Build.0 = Debug|Any CPU
		{F67CA4C1-E33D-42C0-A728-4BF0745FE504}.Release|Any CPU.ActiveCfg = Release|Any CPU
		{F67CA4C1-E33D-42C0-A728-4BF0745FE504}.Release|Any CPU.Build.0 = Release|Any CPU
	EndGlobalSection
	GlobalSection(SolutionProperties) = preSolution
		HideSolutionNode = FALSE
	EndGlobalSection
	GlobalSection(ExtensibilityGlobals) = postSolution
		SolutionGuid = {352FD5EC-9AFB-402F-A13F-D14D2CBB69B6}
	EndGlobalSection
EndGlobal
